
Microsoft Visual Studio Solution File, Format Version 11.00
# Visual Studio 2010
Project("{FAE04EC0-301F-11D3-BF4B-00C04F79EFBC}") = "Assembly-CSharp", "Assembly-CSharp.csproj", "{56a2c8df-8fe9-e596-8c24-a2f963bd7da3}"
EndProject
Project("{FAE04EC0-301F-11D3-BF4B-00C04F79EFBC}") = "Assembly-CSharp-Editor", "Assembly-CSharp-Editor.csproj", "{7c5a0711-91ad-6acd-bad1-16506397d98f}"
EndProject
Project("{FAE04EC0-301F-11D3-BF4B-00C04F79EFBC}") = "Assembly-CSharp", "Assembly-CSharp.Player.csproj", "{d067a9e6-b193-e853-5cb9-3b9d2df7ccec}"
EndProject
Global
	GlobalSection(SolutionConfigurationPlatforms) = preSolution
		Debug|Any CPU = Debug|Any CPU
	EndGlobalSection
	GlobalSection(ProjectConfigurationPlatforms) = postSolution
		{56a2c8df-8fe9-e596-8c24-a2f963bd7da3}.Debug|Any CPU.ActiveCfg = Debug|Any CPU
		{56a2c8df-8fe9-e596-8c24-a2f963bd7da3}.Debug|Any CPU.Build.0 = Debug|Any CPU
		{7c5a0711-91ad-6acd-bad1-16506397d98f}.Debug|Any CPU.ActiveCfg = Debug|Any CPU
		{7c5a0711-91ad-6acd-bad1-16506397d98f}.Debug|Any CPU.Build.0 = Debug|Any CPU
		{d067a9e6-b193-e853-5cb9-3b9d2df7ccec}.Debug|Any CPU.ActiveCfg = Debug|Any CPU
		{d067a9e6-b193-e853-5cb9-3b9d2df7ccec}.Debug|Any CPU.Build.0 = Debug|Any CPU
	EndGlobalSection
	GlobalSection(SolutionProperties) = preSolution
		HideSolutionNode = FALSE
	EndGlobalSection
EndGlobal
